// !$*UTF8*$!
{
	archiveVersion = 1;
	classes = {
	};
	objectVersion = 56;
	objects = {

/* Begin PBXBuildFile section */
		9859E0D62AB03CD900E83C1D /* AppDelegate.swift in Sources */ = {isa = PBXBuildFile; fileRef = 9859E0D52AB03CD900E83C1D /* AppDelegate.swift */; };
		9859E0D82AB03CD900E83C1D /* SceneDelegate.swift in Sources */ = {isa = PBXBuildFile; fileRef = 9859E0D72AB03CD900E83C1D /* SceneDelegate.swift */; };
		9859E0DD2AB03CD900E83C1D /* Main.storyboard in Resources */ = {isa = PBXBuildFile; fileRef = 9859E0DB2AB03CD900E83C1D /* Main.storyboard */; };
		9859E0DF2AB03CDA00E83C1D /* Assets.xcassets in Resources */ = {isa = PBXBuildFile; fileRef = 9859E0DE2AB03CDA00E83C1D /* Assets.xcassets */; };
		9859E0E22AB03CDA00E83C1D /* LaunchScreen.storyboard in Resources */ = {isa = PBXBuildFile; fileRef = 9859E0E02AB03CDA00E83C1D /* LaunchScreen.storyboard */; };
		9859E0EA2AB03FD300E83C1D /* LoginViewController.swift in Sources */ = {isa = PBXBuildFile; fileRef = 9859E0E92AB03FD300E83C1D /* LoginViewController.swift */; };
		9859E0EC2AB0400200E83C1D /* HomeViewController.swift in Sources */ = {isa = PBXBuildFile; fileRef = 9859E0EB2AB0400200E83C1D /* HomeViewController.swift */; };
		9859E0EE2AB0402300E83C1D /* ImageSelectViewController.swift in Sources */ = {isa = PBXBuildFile; fileRef = 9859E0ED2AB0402300E83C1D /* ImageSelectViewController.swift */; };
		9859E0F02AB0405D00E83C1D /* PostViewController.swift in Sources */ = {isa = PBXBuildFile; fileRef = 9859E0EF2AB0405D00E83C1D /* PostViewController.swift */; };
		9859E0F22AB0406E00E83C1D /* SettingViewController.swift in Sources */ = {isa = PBXBuildFile; fileRef = 9859E0F12AB0406E00E83C1D /* SettingViewController.swift */; };
		9859E0F52AB045D200E83C1D /* TabBarController.swift in Sources */ = {isa = PBXBuildFile; fileRef = 9859E0F42AB045D200E83C1D /* TabBarController.swift */; };
		9859E0F72AB04B6300E83C1D /* GoogleService-Info.plist in Resources */ = {isa = PBXBuildFile; fileRef = 9859E0F62AB04B6300E83C1D /* GoogleService-Info.plist */; };
		A13462C01EA0F470932BC82E /* Pods_YunYeung.framework in Frameworks */ = {isa = PBXBuildFile; fileRef = CEEDE2CCA0061277EF2834A3 /* Pods_YunYeung.framework */; };
/* End PBXBuildFile section */

/* Begin PBXFileReference section */
		9859E0D22AB03CD900E83C1D /* YunYeung.app */ = {isa = PBXFileReference; explicitFileType = wrapper.application; includeInIndex = 0; path = YunYeung.app; sourceTree = BUILT_PRODUCTS_DIR; };
		9859E0D52AB03CD900E83C1D /* AppDelegate.swift */ = {isa = PBXFileReference; lastKnownFileType = sourcecode.swift; path = AppDelegate.swift; sourceTree = "<group>"; };
		9859E0D72AB03CD900E83C1D /* SceneDelegate.swift */ = {isa = PBXFileReference; lastKnownFileType = sourcecode.swift; path = SceneDelegate.swift; sourceTree = "<group>"; };
		9859E0DC2AB03CD900E83C1D /* Base */ = {isa = PBXFileReference; lastKnownFileType = file.storyboard; name = Base; path = Base.lproj/Main.storyboard; sourceTree = "<group>"; };
		9859E0DE2AB03CDA00E83C1D /* Assets.xcassets */ = {isa = PBXFileReference; lastKnownFileType = folder.assetcatalog; path = Assets.xcassets; sourceTree = "<group>"; };
		9859E0E12AB03CDA00E83C1D /* Base */ = {isa = PBXFileReference; lastKnownFileType = file.storyboard; name = Base; path = Base.lproj/LaunchScreen.storyboard; sourceTree = "<group>"; };
		9859E0E32AB03CDA00E83C1D /* Info.plist */ = {isa = PBXFileReference; lastKnownFileType = text.plist.xml; path = Info.plist; sourceTree = "<group>"; };
		9859E0E92AB03FD300E83C1D /* LoginViewController.swift */ = {isa = PBXFileReference; lastKnownFileType = sourcecode.swift; path = LoginViewController.swift; sourceTree = "<group>"; };
		9859E0EB2AB0400200E83C1D /* HomeViewController.swift */ = {isa = PBXFileReference; lastKnownFileType = sourcecode.swift; path = HomeViewController.swift; sourceTree = "<group>"; };
		9859E0ED2AB0402300E83C1D /* ImageSelectViewController.swift */ = {isa = PBXFileReference; lastKnownFileType = sourcecode.swift; path = ImageSelectViewController.swift; sourceTree = "<group>"; };
		9859E0EF2AB0405D00E83C1D /* PostViewController.swift */ = {isa = PBXFileReference; lastKnownFileType = sourcecode.swift; path = PostViewController.swift; sourceTree = "<group>"; };
		9859E0F12AB0406E00E83C1D /* SettingViewController.swift */ = {isa = PBXFileReference; lastKnownFileType = sourcecode.swift; path = SettingViewController.swift; sourceTree = "<group>"; };
		9859E0F42AB045D200E83C1D /* TabBarController.swift */ = {isa = PBXFileReference; lastKnownFileType = sourcecode.swift; path = TabBarController.swift; sourceTree = "<group>"; };
		9859E0F62AB04B6300E83C1D /* GoogleService-Info.plist */ = {isa = PBXFileReference; fileEncoding = 4; lastKnownFileType = text.plist.xml; path = "GoogleService-Info.plist"; sourceTree = "<group>"; };
		CEEDE2CCA0061277EF2834A3 /* Pods_YunYeung.framework */ = {isa = PBXFileReference; explicitFileType = wrapper.framework; includeInIndex = 0; path = Pods_YunYeung.framework; sourceTree = BUILT_PRODUCTS_DIR; };
		D6A84B416061E00DB7A7A974 /* Pods-YunYeung.debug.xcconfig */ = {isa = PBXFileReference; includeInIndex = 1; lastKnownFileType = text.xcconfig; name = "Pods-YunYeung.debug.xcconfig"; path = "Target Support Files/Pods-YunYeung/Pods-YunYeung.debug.xcconfig"; sourceTree = "<group>"; };
		DBC4B87C6D51A2E2F44B2838 /* Pods-YunYeung.release.xcconfig */ = {isa = PBXFileReference; includeInIndex = 1; lastKnownFileType = text.xcconfig; name = "Pods-YunYeung.release.xcconfig"; path = "Target Support Files/Pods-YunYeung/Pods-YunYeung.release.xcconfig"; sourceTree = "<group>"; };
/* End PBXFileReference section */

/* Begin PBXFrameworksBuildPhase section */
		9859E0CF2AB03CD900E83C1D /* Frameworks */ = {
			isa = PBXFrameworksBuildPhase;
			buildActionMask = 2147483647;
			files = (
				A13462C01EA0F470932BC82E /* Pods_YunYeung.framework in Frameworks */,
			);
			runOnlyForDeploymentPostprocessing = 0;
		};
/* End PBXFrameworksBuildPhase section */

/* Begin PBXGroup section */
		9859E0C92AB03CD900E83C1D = {
			isa = PBXGroup;
			children = (
				9859E0D42AB03CD900E83C1D /* YunYeung */,
				9859E0D32AB03CD900E83C1D /* Products */,
				E901562FC848C1D8CF213562 /* Pods */,
				E23EE4793B01A32445729094 /* Frameworks */,
			);
			sourceTree = "<group>";
		};
		9859E0D32AB03CD900E83C1D /* Products */ = {
			isa = PBXGroup;
			children = (
				9859E0D22AB03CD900E83C1D /* YunYeung.app */,
			);
			name = Products;
			sourceTree = "<group>";
		};
		9859E0D42AB03CD900E83C1D /* YunYeung */ = {
			isa = PBXGroup;
			children = (
				9859E0D52AB03CD900E83C1D /* AppDelegate.swift */,
				9859E0D72AB03CD900E83C1D /* SceneDelegate.swift */,
				9859E0F32AB0414D00E83C1D /* Controller */,
				9859E0DB2AB03CD900E83C1D /* Main.storyboard */,
				9859E0DE2AB03CDA00E83C1D /* Assets.xcassets */,
				9859E0E02AB03CDA00E83C1D /* LaunchScreen.storyboard */,
				9859E0E32AB03CDA00E83C1D /* Info.plist */,
				9859E0F62AB04B6300E83C1D /* GoogleService-Info.plist */,
			);
			path = YunYeung;
			sourceTree = "<group>";
		};
		9859E0F32AB0414D00E83C1D /* Controller */ = {
			isa = PBXGroup;
			children = (
				9859E0E92AB03FD300E83C1D /* LoginViewController.swift */,
				9859E0EB2AB0400200E83C1D /* HomeViewController.swift */,
				9859E0ED2AB0402300E83C1D /* ImageSelectViewController.swift */,
				9859E0EF2AB0405D00E83C1D /* PostViewController.swift */,
				9859E0F12AB0406E00E83C1D /* SettingViewController.swift */,
				9859E0F42AB045D200E83C1D /* TabBarController.swift */,
			);
			path = Controller;
			sourceTree = "<group>";
		};
		E23EE4793B01A32445729094 /* Frameworks */ = {
			isa = PBXGroup;
			children = (
				CEEDE2CCA0061277EF2834A3 /* Pods_YunYeung.framework */,
			);
			name = Frameworks;
			sourceTree = "<group>";
		};
		E901562FC848C1D8CF213562 /* Pods */ = {
			isa = PBXGroup;
			children = (
				D6A84B416061E00DB7A7A974 /* Pods-YunYeung.debug.xcconfig */,
				DBC4B87C6D51A2E2F44B2838 /* Pods-YunYeung.release.xcconfig */,
			);
			name = Pods;
			path = Pods;
			sourceTree = "<group>";
		};
/* End PBXGroup section */

/* Begin PBXNativeTarget section */
		9859E0D12AB03CD900E83C1D /* YunYeung */ = {
			isa = PBXNativeTarget;
			buildConfigurationList = 9859E0E62AB03CDA00E83C1D /* Build configuration list for PBXNativeTarget "YunYeung" */;
			buildPhases = (
				3F458CAD158F500224008F32 /* [CP] Check Pods Manifest.lock */,
				9859E0CE2AB03CD900E83C1D /* Sources */,
				9859E0CF2AB03CD900E83C1D /* Frameworks */,
				9859E0D02AB03CD900E83C1D /* Resources */,
				8643FEFEC2FC073B3EC563B0 /* [CP] Embed Pods Frameworks */,
			);
			buildRules = (
			);
			dependencies = (
			);
			name = YunYeung;
			productName = YunYeung;
			productReference = 9859E0D22AB03CD900E83C1D /* YunYeung.app */;
			productType = "com.apple.product-type.application";
		};
/* End PBXNativeTarget section */

/* Begin PBXProject section */
		9859E0CA2AB03CD900E83C1D /* Project object */ = {
			isa = PBXProject;
			attributes = {
				BuildIndependentTargetsInParallel = 1;
				LastSwiftUpdateCheck = 1410;
				LastUpgradeCheck = 1410;
				TargetAttributes = {
					9859E0D12AB03CD900E83C1D = {
						CreatedOnToolsVersion = 14.1;
					};
				};
			};
			buildConfigurationList = 9859E0CD2AB03CD900E83C1D /* Build configuration list for PBXProject "YunYeung" */;
			compatibilityVersion = "Xcode 14.0";
			developmentRegion = en;
			hasScannedForEncodings = 0;
			knownRegions = (
				en,
				Base,
			);
			mainGroup = 9859E0C92AB03CD900E83C1D;
			productRefGroup = 9859E0D32AB03CD900E83C1D /* Products */;
			projectDirPath = "";
			projectRoot = "";
			targets = (
				9859E0D12AB03CD900E83C1D /* YunYeung */,
			);
		};
/* End PBXProject section */

/* Begin PBXResourcesBuildPhase section */
		9859E0D02AB03CD900E83C1D /* Resources */ = {
			isa = PBXResourcesBuildPhase;
			buildActionMask = 2147483647;
			files = (
				9859E0E22AB03CDA00E83C1D /* LaunchScreen.storyboard in Resources */,
				9859E0F72AB04B6300E83C1D /* GoogleService-Info.plist in Resources */,
				9859E0DF2AB03CDA00E83C1D /* Assets.xcassets in Resources */,
				9859E0DD2AB03CD900E83C1D /* Main.storyboard in Resources */,
			);
			runOnlyForDeploymentPostprocessing = 0;
		};
/* End PBXResourcesBuildPhase section */

/* Begin PBXShellScriptBuildPhase section */
		3F458CAD158F500224008F32 /* [CP] Check Pods Manifest.lock */ = {
			isa = PBXShellScriptBuildPhase;
			buildActionMask = 2147483647;
			files = (
			);
			inputFileListPaths = (
			);
			inputPaths = (
				"${PODS_PODFILE_DIR_PATH}/Podfile.lock",
				"${PODS_ROOT}/Manifest.lock",
			);
			name = "[CP] Check Pods Manifest.lock";
			outputFileListPaths = (
			);
			outputPaths = (
				"$(DERIVED_FILE_DIR)/Pods-YunYeung-checkManifestLockResult.txt",
			);
			runOnlyForDeploymentPostprocessing = 0;
			shellPath = /bin/sh;
			shellScript = "diff \"${PODS_PODFILE_DIR_PATH}/Podfile.lock\" \"${PODS_ROOT}/Manifest.lock\" > /dev/null\nif [ $? != 0 ] ; then\n    # print error to STDERR\n    echo \"error: The sandbox is not in sync with the Podfile.lock. Run 'pod install' or update your CocoaPods installation.\" >&2\n    exit 1\nfi\n# This output is used by Xcode 'outputs' to avoid re-running this script phase.\necho \"SUCCESS\" > \"${SCRIPT_OUTPUT_FILE_0}\"\n";
			showEnvVarsInLog = 0;
		};
		8643FEFEC2FC073B3EC563B0 /* [CP] Embed Pods Frameworks */ = {
			isa = PBXShellScriptBuildPhase;
			buildActionMask = 2147483647;
			files = (
			);
			inputFileListPaths = (
				"${PODS_ROOT}/Target Support Files/Pods-YunYeung/Pods-YunYeung-frameworks-${CONFIGURATION}-input-files.xcfilelist",
			);
			name = "[CP] Embed Pods Frameworks";
			outputFileListPaths = (
				"${PODS_ROOT}/Target Support Files/Pods-YunYeung/Pods-YunYeung-frameworks-${CONFIGURATION}-output-files.xcfilelist",
			);
			runOnlyForDeploymentPostprocessing = 0;
			shellPath = /bin/sh;
			shellScript = "\"${PODS_ROOT}/Target Support Files/Pods-YunYeung/Pods-YunYeung-frameworks.sh\"\n";
			showEnvVarsInLog = 0;
		};
/* End PBXShellScriptBuildPhase section */

/* Begin PBXSourcesBuildPhase section */
		9859E0CE2AB03CD900E83C1D /* Sources */ = {
			isa = PBXSourcesBuildPhase;
			buildActionMask = 2147483647;
			files = (
				9859E0EE2AB0402300E83C1D /* ImageSelectViewController.swift in Sources */,
				9859E0F52AB045D200E83C1D /* TabBarController.swift in Sources */,
				9859E0EC2AB0400200E83C1D /* HomeViewController.swift in Sources */,
				9859E0F02AB0405D00E83C1D /* PostViewController.swift in Sources */,
				9859E0F22AB0406E00E83C1D /* SettingViewController.swift in Sources */,
				9859E0EA2AB03FD300E83C1D /* LoginViewController.swift in Sources */,
				9859E0D62AB03CD900E83C1D /* AppDelegate.swift in Sources */,
				9859E0D82AB03CD900E83C1D /* SceneDelegate.swift in Sources */,
			);
			runOnlyForDeploymentPostprocessing = 0;
		};
/* End PBXSourcesBuildPhase section */

/* Begin PBXVariantGroup section */
		9859E0DB2AB03CD900E83C1D /* Main.storyboard */ = {
			isa = PBXVariantGroup;
			children = (
				9859E0DC2AB03CD900E83C1D /* Base */,
			);
			name = Main.storyboard;
			sourceTree = "<group>";
		};
		9859E0E02AB03CDA00E83C1D /* LaunchScreen.storyboard */ = {
			isa = PBXVariantGroup;
			children = (
				9859E0E12AB03CDA00E83C1D /* Base */,
			);
			name = LaunchScreen.storyboard;
			sourceTree = "<group>";
		};
/* End PBXVariantGroup section */

/* Begin XCBuildConfiguration section */
		9859E0E42AB03CDA00E83C1D /* Debug */ = {
			isa = XCBuildConfiguration;
			buildSettings = {
				ALWAYS_SEARCH_USER_PATHS = NO;
				CLANG_ANALYZER_NONNULL = YES;
				CLANG_ANALYZER_NUMBER_OBJECT_CONVERSION = YES_AGGRESSIVE;
				CLANG_CXX_LANGUAGE_STANDARD = "gnu++20";
				CLANG_ENABLE_MODULES = YES;
				CLANG_ENABLE_OBJC_ARC = YES;
				CLANG_ENABLE_OBJC_WEAK = YES;
				CLANG_WARN_BLOCK_CAPTURE_AUTORELEASING = YES;
				CLANG_WARN_BOOL_CONVERSION = YES;
				CLANG_WARN_COMMA = YES;
				CLANG_WARN_CONSTANT_CONVERSION = YES;
				CLANG_WARN_DEPRECATED_OBJC_IMPLEMENTATIONS = YES;
				CLANG_WARN_DIRECT_OBJC_ISA_USAGE = YES_ERROR;
				CLANG_WARN_DOCUMENTATION_COMMENTS = YES;
				CLANG_WARN_EMPTY_BODY = YES;
				CLANG_WARN_ENUM_CONVERSION = YES;
				CLANG_WARN_INFINITE_RECURSION = YES;
				CLANG_WARN_INT_CONVERSION = YES;
				CLANG_WARN_NON_LITERAL_NULL_CONVERSION = YES;
				CLANG_WARN_OBJC_IMPLICIT_RETAIN_SELF = YES;
				CLANG_WARN_OBJC_LITERAL_CONVERSION = YES;
				CLANG_WARN_OBJC_ROOT_CLASS = YES_ERROR;
				CLANG_WARN_QUOTED_INCLUDE_IN_FRAMEWORK_HEADER = YES;
				CLANG_WARN_RANGE_LOOP_ANALYSIS = YES;
				CLANG_WARN_STRICT_PROTOTYPES = YES;
				CLANG_WARN_SUSPICIOUS_MOVE = YES;
				CLANG_WARN_UNGUARDED_AVAILABILITY = YES_AGGRESSIVE;
				CLANG_WARN_UNREACHABLE_CODE = YES;
				CLANG_WARN__DUPLICATE_METHOD_MATCH = YES;
				COPY_PHASE_STRIP = NO;
				DEBUG_INFORMATION_FORMAT = dwarf;
				ENABLE_STRICT_OBJC_MSGSEND = YES;
				ENABLE_TESTABILITY = YES;
				GCC_C_LANGUAGE_STANDARD = gnu11;
				GCC_DYNAMIC_NO_PIC = NO;
				GCC_NO_COMMON_BLOCKS = YES;
				GCC_OPTIMIZATION_LEVEL = 0;
				GCC_PREPROCESSOR_DEFINITIONS = (
					"DEBUG=1",
					"$(inherited)",
				);
				GCC_WARN_64_TO_32_BIT_CONVERSION = YES;
				GCC_WARN_ABOUT_RETURN_TYPE = YES_ERROR;
				GCC_WARN_UNDECLARED_SELECTOR = YES;
				GCC_WARN_UNINITIALIZED_AUTOS = YES_AGGRESSIVE;
				GCC_WARN_UNUSED_FUNCTION = YES;
				GCC_WARN_UNUSED_VARIABLE = YES;
				IPHONEOS_DEPLOYMENT_TARGET = 16.1;
				MTL_ENABLE_DEBUG_INFO = INCLUDE_SOURCE;
				MTL_FAST_MATH = YES;
				ONLY_ACTIVE_ARCH = YES;
				SDKROOT = iphoneos;
				SWIFT_ACTIVE_COMPILATION_CONDITIONS = DEBUG;
				SWIFT_OPTIMIZATION_LEVEL = "-Onone";
			};
			name = Debug;
		};
		9859E0E52AB03CDA00E83C1D /* Release */ = {
			isa = XCBuildConfiguration;
			buildSettings = {
				ALWAYS_SEARCH_USER_PATHS = NO;
				CLANG_ANALYZER_NONNULL = YES;
				CLANG_ANALYZER_NUMBER_OBJECT_CONVERSION = YES_AGGRESSIVE;
				CLANG_CXX_LANGUAGE_STANDARD = "gnu++20";
				CLANG_ENABLE_MODULES = YES;
				CLANG_ENABLE_OBJC_ARC = YES;
				CLANG_ENABLE_OBJC_WEAK = YES;
				CLANG_WARN_BLOCK_CAPTURE_AUTORELEASING = YES;
				CLANG_WARN_BOOL_CONVERSION = YES;
				CLANG_WARN_COMMA = YES;
				CLANG_WARN_CONSTANT_CONVERSION = YES;
				CLANG_WARN_DEPRECATED_OBJC_IMPLEMENTATIONS = YES;
				CLANG_WARN_DIRECT_OBJC_ISA_USAGE = YES_ERROR;
				CLANG_WARN_DOCUMENTATION_COMMENTS = YES;
				CLANG_WARN_EMPTY_BODY = YES;
				CLANG_WARN_ENUM_CONVERSION = YES;
				CLANG_WARN_INFINITE_RECURSION = YES;
				CLANG_WARN_INT_CONVERSION = YES;
				CLANG_WARN_NON_LITERAL_NULL_CONVERSION = YES;
				CLANG_WARN_OBJC_IMPLICIT_RETAIN_SELF = YES;
				CLANG_WARN_OBJC_LITERAL_CONVERSION = YES;
				CLANG_WARN_OBJC_ROOT_CLASS = YES_ERROR;
				CLANG_WARN_QUOTED_INCLUDE_IN_FRAMEWORK_HEADER = YES;
				CLANG_WARN_RANGE_LOOP_ANALYSIS = YES;
				CLANG_WARN_STRICT_PROTOTYPES = YES;
				CLANG_WARN_SUSPICIOUS_MOVE = YES;
				CLANG_WARN_UNGUARDED_AVAILABILITY = YES_AGGRESSIVE;
				CLANG_WARN_UNREACHABLE_CODE = YES;
				CLANG_WARN__DUPLICATE_METHOD_MATCH = YES;
				COPY_PHASE_STRIP = NO;
				DEBUG_INFORMATION_FORMAT = "dwarf-with-dsym";
				ENABLE_NS_ASSERTIONS = NO;
				ENABLE_STRICT_OBJC_MSGSEND = YES;
				GCC_C_LANGUAGE_STANDARD = gnu11;
				GCC_NO_COMMON_BLOCKS = YES;
				GCC_WARN_64_TO_32_BIT_CONVERSION = YES;
				GCC_WARN_ABOUT_RETURN_TYPE = YES_ERROR;
				GCC_WARN_UNDECLARED_SELECTOR = YES;
				GCC_WARN_UNINITIALIZED_AUTOS = YES_AGGRESSIVE;
				GCC_WARN_UNUSED_FUNCTION = YES;
				GCC_WARN_UNUSED_VARIABLE = YES;
				IPHONEOS_DEPLOYMENT_TARGET = 16.1;
				MTL_ENABLE_DEBUG_INFO = NO;
				MTL_FAST_MATH = YES;
				SDKROOT = iphoneos;
				SWIFT_COMPILATION_MODE = wholemodule;
				SWIFT_OPTIMIZATION_LEVEL = "-O";
				VALIDATE_PRODUCT = YES;
			};
			name = Release;
		};
		9859E0E72AB03CDA00E83C1D /* Debug */ = {
			isa = XCBuildConfiguration;
			baseConfigurationReference = D6A84B416061E00DB7A7A974 /* Pods-YunYeung.debug.xcconfig */;
			buildSettings = {
				ASSETCATALOG_COMPILER_APPICON_NAME = AppIcon;
				ASSETCATALOG_COMPILER_GLOBAL_ACCENT_COLOR_NAME = AccentColor;
				CODE_SIGN_STYLE = Automatic;
				CURRENT_PROJECT_VERSION = 1;
				DEVELOPMENT_TEAM = FFVY9T4L8Z;
				GENERATE_INFOPLIST_FILE = YES;
				INFOPLIST_FILE = YunYeung/Info.plist;
				INFOPLIST_KEY_UIApplicationSupportsIndirectInputEvents = YES;
				INFOPLIST_KEY_UILaunchStoryboardName = LaunchScreen;
				INFOPLIST_KEY_UIMainStoryboardFile = Main;
				INFOPLIST_KEY_UISupportedInterfaceOrientations = UIInterfaceOrientationPortrait;
				INFOPLIST_KEY_UISupportedInterfaceOrientations_iPad = "UIInterfaceOrientationLandscapeLeft UIInterfaceOrientationLandscapeRight UIInterfaceOrientationPortrait UIInterfaceOrientationPortraitUpsideDown";
				LD_RUNPATH_SEARCH_PATHS = (
					"$(inherited)",
					"@executable_path/Frameworks",
				);
				MARKETING_VERSION = 1.0;
				PRODUCT_BUNDLE_IDENTIFIER = jp.techacademy.tatsuya.eguchi.YunYeung;
				PRODUCT_NAME = "$(TARGET_NAME)";
				SUPPORTED_PLATFORMS = "iphoneos iphonesimulator";
				SUPPORTS_MACCATALYST = NO;
				SUPPORTS_MAC_DESIGNED_FOR_IPHONE_IPAD = NO;
				SWIFT_EMIT_LOC_STRINGS = YES;
				SWIFT_VERSION = 5.0;
				TARGETED_DEVICE_FAMILY = 1;
			};
			name = Debug;
		};
		9859E0E82AB03CDA00E83C1D /* Release */ = {
			isa = XCBuildConfiguration;
			baseConfigurationReference = DBC4B87C6D51A2E2F44B2838 /* Pods-YunYeung.release.xcconfig */;
			buildSettings = {
				ASSETCATALOG_COMPILER_APPICON_NAME = AppIcon;
				ASSETCATALOG_COMPILER_GLOBAL_ACCENT_COLOR_NAME = AccentColor;
				CODE_SIGN_STYLE = Automatic;
				CURRENT_PROJECT_VERSION = 1;
				DEVELOPMENT_TEAM = FFVY9T4L8Z;
				GENERATE_INFOPLIST_FILE = YES;
				INFOPLIST_FILE = YunYeung/Info.plist;
				INFOPLIST_KEY_UIApplicationSupportsIndirectInputEvents = YES;
				INFOPLIST_KEY_UILaunchStoryboardName = LaunchScreen;
				INFOPLIST_KEY_UIMainStoryboardFile = Main;
				INFOPLIST_KEY_UISupportedInterfaceOrientations = UIInterfaceOrientationPortrait;
				INFOPLIST_KEY_UISupportedInterfaceOrientations_iPad = "UIInterfaceOrientationLandscapeLeft UIInterfaceOrientationLandscapeRight UIInterfaceOrientationPortrait UIInterfaceOrientationPortraitUpsideDown";
				LD_RUNPATH_SEARCH_PATHS = (
					"$(inherited)",
					"@executable_path/Frameworks",
				);
				MARKETING_VERSION = 1.0;
				PRODUCT_BUNDLE_IDENTIFIER = jp.techacademy.tatsuya.eguchi.YunYeung;
				PRODUCT_NAME = "$(TARGET_NAME)";
				SUPPORTED_PLATFORMS = "iphoneos iphonesimulator";
				SUPPORTS_MACCATALYST = NO;
				SUPPORTS_MAC_DESIGNED_FOR_IPHONE_IPAD = NO;
				SWIFT_EMIT_LOC_STRINGS = YES;
				SWIFT_VERSION = 5.0;
				TARGETED_DEVICE_FAMILY = 1;
			};
			name = Release;
		};
/* End XCBuildConfiguration section */

/* Begin XCConfigurationList section */
		9859E0CD2AB03CD900E83C1D /* Build configuration list for PBXProject "YunYeung" */ = {
			isa = XCConfigurationList;
			buildConfigurations = (
				9859E0E42AB03CDA00E83C1D /* Debug */,
				9859E0E52AB03CDA00E83C1D /* Release */,
			);
			defaultConfigurationIsVisible = 0;
			defaultConfigurationName = Release;
		};
		9859E0E62AB03CDA00E83C1D /* Build configuration list for PBXNativeTarget "YunYeung" */ = {
			isa = XCConfigurationList;
			buildConfigurations = (
				9859E0E72AB03CDA00E83C1D /* Debug */,
				9859E0E82AB03CDA00E83C1D /* Release */,
			);
			defaultConfigurationIsVisible = 0;
			defaultConfigurationName = Release;
		};
/* End XCConfigurationList section */
	};
	rootObject = 9859E0CA2AB03CD900E83C1D /* Project object */;
}
